// !$*UTF8*$!
{
	archiveVersion = 1;
	classes = {
	};
	objectVersion = 46;
	objects = {

/* Begin PBXBuildFile section */
		2537F8331A966B9D004A02E9 /* main.m in Sources */ = {isa = PBXBuildFile; fileRef = 2537F8321A966B9D004A02E9 /* main.m */; };
		2537F8361A966B9D004A02E9 /* AppDelegate.m in Sources */ = {isa = PBXBuildFile; fileRef = 2537F8351A966B9D004A02E9 /* AppDelegate.m */; };
		2537F8411A966B9D004A02E9 /* Images.xcassets in Resources */ = {isa = PBXBuildFile; fileRef = 2537F8401A966B9D004A02E9 /* Images.xcassets */; };
		2537F8441A966B9D004A02E9 /* LaunchScreen.xib in Resources */ = {isa = PBXBuildFile; fileRef = 2537F8421A966B9D004A02E9 /* LaunchScreen.xib */; };
		2537F8501A966B9D004A02E9 /* ActorClientTests.m in Sources */ = {isa = PBXBuildFile; fileRef = 2537F84F1A966B9D004A02E9 /* ActorClientTests.m */; };
		2537F85F1A9730FF004A02E9 /* AAPhoneViewController.m in Sources */ = {isa = PBXBuildFile; fileRef = 2537F85E1A9730FF004A02E9 /* AAPhoneViewController.m */; };
		2537F8611A973A8D004A02E9 /* Auth.storyboard in Resources */ = {isa = PBXBuildFile; fileRef = 2537F8601A973A8D004A02E9 /* Auth.storyboard */; };
		2537F8641A974160004A02E9 /* AAHiddenNavigationBar.m in Sources */ = {isa = PBXBuildFile; fileRef = 2537F8631A974160004A02E9 /* AAHiddenNavigationBar.m */; };
		2537F8671A9753DD004A02E9 /* ABPhoneField.m in Sources */ = {isa = PBXBuildFile; fileRef = 2537F8661A9753DD004A02E9 /* ABPhoneField.m */; };
		2537F86C1A9762F6004A02E9 /* PhoneFormats.dat in Resources */ = {isa = PBXBuildFile; fileRef = 2537F86A1A9762F6004A02E9 /* PhoneFormats.dat */; };
		2537F86D1A9762F6004A02E9 /* ABPhoneFieldCodes.txt in Resources */ = {isa = PBXBuildFile; fileRef = 2537F86B1A9762F6004A02E9 /* ABPhoneFieldCodes.txt */; };
		259D452F1A99440400BC2B4D /* AACountriesViewController.m in Sources */ = {isa = PBXBuildFile; fileRef = 259D452E1A99440400BC2B4D /* AACountriesViewController.m */; };
		494FCA96F490BCF15D1DF9C7 /* libPods-ActorClient.a in Frameworks */ = {isa = PBXBuildFile; fileRef = 08B939F305AF573D79345536 /* libPods-ActorClient.a */; };
/* End PBXBuildFile section */

/* Begin PBXContainerItemProxy section */
		2537F84A1A966B9D004A02E9 /* PBXContainerItemProxy */ = {
			isa = PBXContainerItemProxy;
			containerPortal = 2537F8251A966B9D004A02E9 /* Project object */;
			proxyType = 1;
			remoteGlobalIDString = 2537F82C1A966B9D004A02E9;
			remoteInfo = ActorClient;
		};
/* End PBXContainerItemProxy section */

/* Begin PBXFileReference section */
		08B939F305AF573D79345536 /* libPods-ActorClient.a */ = {isa = PBXFileReference; explicitFileType = archive.ar; includeInIndex = 0; path = "libPods-ActorClient.a"; sourceTree = BUILT_PRODUCTS_DIR; };
		2537F82D1A966B9D004A02E9 /* ActorClient.app */ = {isa = PBXFileReference; explicitFileType = wrapper.application; includeInIndex = 0; path = ActorClient.app; sourceTree = BUILT_PRODUCTS_DIR; };
		2537F8311A966B9D004A02E9 /* Info.plist */ = {isa = PBXFileReference; lastKnownFileType = text.plist.xml; path = Info.plist; sourceTree = "<group>"; };
		2537F8321A966B9D004A02E9 /* main.m */ = {isa = PBXFileReference; lastKnownFileType = sourcecode.c.objc; path = main.m; sourceTree = "<group>"; };
		2537F8341A966B9D004A02E9 /* AppDelegate.h */ = {isa = PBXFileReference; lastKnownFileType = sourcecode.c.h; path = AppDelegate.h; sourceTree = "<group>"; };
		2537F8351A966B9D004A02E9 /* AppDelegate.m */ = {isa = PBXFileReference; lastKnownFileType = sourcecode.c.objc; path = AppDelegate.m; sourceTree = "<group>"; };
		2537F8401A966B9D004A02E9 /* Images.xcassets */ = {isa = PBXFileReference; lastKnownFileType = folder.assetcatalog; path = Images.xcassets; sourceTree = "<group>"; };
		2537F8431A966B9D004A02E9 /* Base */ = {isa = PBXFileReference; lastKnownFileType = file.xib; name = Base; path = Base.lproj/LaunchScreen.xib; sourceTree = "<group>"; };
		2537F8491A966B9D004A02E9 /* ActorClientTests.xctest */ = {isa = PBXFileReference; explicitFileType = wrapper.cfbundle; includeInIndex = 0; path = ActorClientTests.xctest; sourceTree = BUILT_PRODUCTS_DIR; };
		2537F84E1A966B9D004A02E9 /* Info.plist */ = {isa = PBXFileReference; lastKnownFileType = text.plist.xml; path = Info.plist; sourceTree = "<group>"; };
		2537F84F1A966B9D004A02E9 /* ActorClientTests.m */ = {isa = PBXFileReference; lastKnownFileType = sourcecode.c.objc; path = ActorClientTests.m; sourceTree = "<group>"; };
		2537F85A1A972CA0004A02E9 /* ActorClient-Prefix.pch */ = {isa = PBXFileReference; lastKnownFileType = sourcecode.c.h; path = "ActorClient-Prefix.pch"; sourceTree = "<group>"; };
		2537F85D1A9730FF004A02E9 /* AAPhoneViewController.h */ = {isa = PBXFileReference; fileEncoding = 4; lastKnownFileType = sourcecode.c.h; path = AAPhoneViewController.h; sourceTree = "<group>"; };
		2537F85E1A9730FF004A02E9 /* AAPhoneViewController.m */ = {isa = PBXFileReference; fileEncoding = 4; lastKnownFileType = sourcecode.c.objc; path = AAPhoneViewController.m; sourceTree = "<group>"; };
		2537F8601A973A8D004A02E9 /* Auth.storyboard */ = {isa = PBXFileReference; fileEncoding = 4; lastKnownFileType = file.storyboard; path = Auth.storyboard; sourceTree = "<group>"; };
		2537F8621A974160004A02E9 /* AAHiddenNavigationBar.h */ = {isa = PBXFileReference; fileEncoding = 4; lastKnownFileType = sourcecode.c.h; path = AAHiddenNavigationBar.h; sourceTree = "<group>"; };
		2537F8631A974160004A02E9 /* AAHiddenNavigationBar.m */ = {isa = PBXFileReference; fileEncoding = 4; lastKnownFileType = sourcecode.c.objc; path = AAHiddenNavigationBar.m; sourceTree = "<group>"; };
		2537F8651A9753DD004A02E9 /* ABPhoneField.h */ = {isa = PBXFileReference; fileEncoding = 4; lastKnownFileType = sourcecode.c.h; path = ABPhoneField.h; sourceTree = "<group>"; };
		2537F8661A9753DD004A02E9 /* ABPhoneField.m */ = {isa = PBXFileReference; fileEncoding = 4; lastKnownFileType = sourcecode.c.objc; path = ABPhoneField.m; sourceTree = "<group>"; };
		2537F86A1A9762F6004A02E9 /* PhoneFormats.dat */ = {isa = PBXFileReference; lastKnownFileType = file; path = PhoneFormats.dat; sourceTree = "<group>"; };
		2537F86B1A9762F6004A02E9 /* ABPhoneFieldCodes.txt */ = {isa = PBXFileReference; fileEncoding = 4; lastKnownFileType = text; path = ABPhoneFieldCodes.txt; sourceTree = "<group>"; };
		259D452D1A99440400BC2B4D /* AACountriesViewController.h */ = {isa = PBXFileReference; fileEncoding = 4; lastKnownFileType = sourcecode.c.h; path = AACountriesViewController.h; sourceTree = "<group>"; };
		259D452E1A99440400BC2B4D /* AACountriesViewController.m */ = {isa = PBXFileReference; fileEncoding = 4; lastKnownFileType = sourcecode.c.objc; path = AACountriesViewController.m; sourceTree = "<group>"; };
		53958141732573CD5EF08D97 /* Pods-ActorClient.release.xcconfig */ = {isa = PBXFileReference; includeInIndex = 1; lastKnownFileType = text.xcconfig; name = "Pods-ActorClient.release.xcconfig"; path = "Pods/Target Support Files/Pods-ActorClient/Pods-ActorClient.release.xcconfig"; sourceTree = "<group>"; };
		DB5A2C3EB0E63D94843300E3 /* Pods-ActorClient.debug.xcconfig */ = {isa = PBXFileReference; includeInIndex = 1; lastKnownFileType = text.xcconfig; name = "Pods-ActorClient.debug.xcconfig"; path = "Pods/Target Support Files/Pods-ActorClient/Pods-ActorClient.debug.xcconfig"; sourceTree = "<group>"; };
/* End PBXFileReference section */

/* Begin PBXFrameworksBuildPhase section */
		2537F82A1A966B9D004A02E9 /* Frameworks */ = {
			isa = PBXFrameworksBuildPhase;
			buildActionMask = 2147483647;
			files = (
				494FCA96F490BCF15D1DF9C7 /* libPods-ActorClient.a in Frameworks */,
			);
			runOnlyForDeploymentPostprocessing = 0;
		};
		2537F8461A966B9D004A02E9 /* Frameworks */ = {
			isa = PBXFrameworksBuildPhase;
			buildActionMask = 2147483647;
			files = (
			);
			runOnlyForDeploymentPostprocessing = 0;
		};
/* End PBXFrameworksBuildPhase section */

/* Begin PBXGroup section */
		2537F8241A966B9D004A02E9 = {
			isa = PBXGroup;
			children = (
				2537F82F1A966B9D004A02E9 /* ActorClient */,
				2537F84C1A966B9D004A02E9 /* ActorClientTests */,
				2537F82E1A966B9D004A02E9 /* Products */,
				5ECF8802A848CEB880DD2E81 /* Pods */,
				E2A36FB6A30EED3811CC45C6 /* Frameworks */,
			);
			sourceTree = "<group>";
		};
		2537F82E1A966B9D004A02E9 /* Products */ = {
			isa = PBXGroup;
			children = (
				2537F82D1A966B9D004A02E9 /* ActorClient.app */,
				2537F8491A966B9D004A02E9 /* ActorClientTests.xctest */,
			);
			name = Products;
			sourceTree = "<group>";
		};
		2537F82F1A966B9D004A02E9 /* ActorClient */ = {
			isa = PBXGroup;
			children = (
				2537F8591A972AF6004A02E9 /* Auth */,
				2537F8341A966B9D004A02E9 /* AppDelegate.h */,
				2537F8351A966B9D004A02E9 /* AppDelegate.m */,
				2537F8401A966B9D004A02E9 /* Images.xcassets */,
				2537F8421A966B9D004A02E9 /* LaunchScreen.xib */,
				2537F8301A966B9D004A02E9 /* Supporting Files */,
			);
			path = ActorClient;
			sourceTree = "<group>";
		};
		2537F8301A966B9D004A02E9 /* Supporting Files */ = {
			isa = PBXGroup;
			children = (
				2537F85A1A972CA0004A02E9 /* ActorClient-Prefix.pch */,
				2537F8311A966B9D004A02E9 /* Info.plist */,
				2537F8321A966B9D004A02E9 /* main.m */,
			);
			name = "Supporting Files";
			sourceTree = "<group>";
		};
		2537F84C1A966B9D004A02E9 /* ActorClientTests */ = {
			isa = PBXGroup;
			children = (
				2537F84F1A966B9D004A02E9 /* ActorClientTests.m */,
				2537F84D1A966B9D004A02E9 /* Supporting Files */,
			);
			path = ActorClientTests;
			sourceTree = "<group>";
		};
		2537F84D1A966B9D004A02E9 /* Supporting Files */ = {
			isa = PBXGroup;
			children = (
				2537F84E1A966B9D004A02E9 /* Info.plist */,
			);
			name = "Supporting Files";
			sourceTree = "<group>";
		};
		2537F8591A972AF6004A02E9 /* Auth */ = {
			isa = PBXGroup;
			children = (
				2537F8681A9753E4004A02E9 /* Components */,
				2537F8601A973A8D004A02E9 /* Auth.storyboard */,
				2537F85D1A9730FF004A02E9 /* AAPhoneViewController.h */,
				2537F85E1A9730FF004A02E9 /* AAPhoneViewController.m */,
				259D452D1A99440400BC2B4D /* AACountriesViewController.h */,
				259D452E1A99440400BC2B4D /* AACountriesViewController.m */,
			);
			name = Auth;
			sourceTree = "<group>";
		};
		2537F8681A9753E4004A02E9 /* Components */ = {
			isa = PBXGroup;
			children = (
				2537F8691A9762DB004A02E9 /* ABPhoneField */,
				2537F8621A974160004A02E9 /* AAHiddenNavigationBar.h */,
				2537F8631A974160004A02E9 /* AAHiddenNavigationBar.m */,
			);
			name = Components;
			sourceTree = "<group>";
		};
		2537F8691A9762DB004A02E9 /* ABPhoneField */ = {
			isa = PBXGroup;
			children = (
				2537F8651A9753DD004A02E9 /* ABPhoneField.h */,
				2537F8661A9753DD004A02E9 /* ABPhoneField.m */,
				2537F86A1A9762F6004A02E9 /* PhoneFormats.dat */,
				2537F86B1A9762F6004A02E9 /* ABPhoneFieldCodes.txt */,
			);
			name = ABPhoneField;
			sourceTree = "<group>";
		};
		5ECF8802A848CEB880DD2E81 /* Pods */ = {
			isa = PBXGroup;
			children = (
				DB5A2C3EB0E63D94843300E3 /* Pods-ActorClient.debug.xcconfig */,
				53958141732573CD5EF08D97 /* Pods-ActorClient.release.xcconfig */,
			);
			name = Pods;
			sourceTree = "<group>";
		};
		E2A36FB6A30EED3811CC45C6 /* Frameworks */ = {
			isa = PBXGroup;
			children = (
				08B939F305AF573D79345536 /* libPods-ActorClient.a */,
			);
			name = Frameworks;
			sourceTree = "<group>";
		};
/* End PBXGroup section */

/* Begin PBXNativeTarget section */
		2537F82C1A966B9D004A02E9 /* ActorClient */ = {
			isa = PBXNativeTarget;
			buildConfigurationList = 2537F8531A966B9D004A02E9 /* Build configuration list for PBXNativeTarget "ActorClient" */;
			buildPhases = (
				6DAFB7212B826813ECA4122E /* Check Pods Manifest.lock */,
				2537F8291A966B9D004A02E9 /* Sources */,
				2537F82A1A966B9D004A02E9 /* Frameworks */,
				2537F82B1A966B9D004A02E9 /* Resources */,
				1179632ED0F280786399FB3E /* Copy Pods Resources */,
			);
			buildRules = (
			);
			dependencies = (
			);
			name = ActorClient;
			productName = ActorClient;
			productReference = 2537F82D1A966B9D004A02E9 /* ActorClient.app */;
			productType = "com.apple.product-type.application";
		};
		2537F8481A966B9D004A02E9 /* ActorClientTests */ = {
			isa = PBXNativeTarget;
			buildConfigurationList = 2537F8561A966B9D004A02E9 /* Build configuration list for PBXNativeTarget "ActorClientTests" */;
			buildPhases = (
				2537F8451A966B9D004A02E9 /* Sources */,
				2537F8461A966B9D004A02E9 /* Frameworks */,
				2537F8471A966B9D004A02E9 /* Resources */,
			);
			buildRules = (
			);
			dependencies = (
				2537F84B1A966B9D004A02E9 /* PBXTargetDependency */,
			);
			name = ActorClientTests;
			productName = ActorClientTests;
			productReference = 2537F8491A966B9D004A02E9 /* ActorClientTests.xctest */;
			productType = "com.apple.product-type.bundle.unit-test";
		};
/* End PBXNativeTarget section */

/* Begin PBXProject section */
		2537F8251A966B9D004A02E9 /* Project object */ = {
			isa = PBXProject;
			attributes = {
				LastUpgradeCheck = 0610;
				ORGANIZATIONNAME = "Anton Bukov";
				TargetAttributes = {
					2537F82C1A966B9D004A02E9 = {
						CreatedOnToolsVersion = 6.1.1;
						DevelopmentTeam = 5AC7B9PZ6W;
					};
					2537F8481A966B9D004A02E9 = {
						CreatedOnToolsVersion = 6.1.1;
						TestTargetID = 2537F82C1A966B9D004A02E9;
					};
				};
			};
			buildConfigurationList = 2537F8281A966B9D004A02E9 /* Build configuration list for PBXProject "ActorClient" */;
			compatibilityVersion = "Xcode 3.2";
			developmentRegion = English;
			hasScannedForEncodings = 0;
			knownRegions = (
				en,
				Base,
			);
			mainGroup = 2537F8241A966B9D004A02E9;
			productRefGroup = 2537F82E1A966B9D004A02E9 /* Products */;
			projectDirPath = "";
			projectRoot = "";
			targets = (
				2537F82C1A966B9D004A02E9 /* ActorClient */,
				2537F8481A966B9D004A02E9 /* ActorClientTests */,
			);
		};
/* End PBXProject section */

/* Begin PBXResourcesBuildPhase section */
		2537F82B1A966B9D004A02E9 /* Resources */ = {
			isa = PBXResourcesBuildPhase;
			buildActionMask = 2147483647;
			files = (
				2537F8611A973A8D004A02E9 /* Auth.storyboard in Resources */,
				2537F86C1A9762F6004A02E9 /* PhoneFormats.dat in Resources */,
				2537F86D1A9762F6004A02E9 /* ABPhoneFieldCodes.txt in Resources */,
				2537F8441A966B9D004A02E9 /* LaunchScreen.xib in Resources */,
				2537F8411A966B9D004A02E9 /* Images.xcassets in Resources */,
			);
			runOnlyForDeploymentPostprocessing = 0;
		};
		2537F8471A966B9D004A02E9 /* Resources */ = {
			isa = PBXResourcesBuildPhase;
			buildActionMask = 2147483647;
			files = (
			);
			runOnlyForDeploymentPostprocessing = 0;
		};
/* End PBXResourcesBuildPhase section */

/* Begin PBXShellScriptBuildPhase section */
		1179632ED0F280786399FB3E /* Copy Pods Resources */ = {
			isa = PBXShellScriptBuildPhase;
			buildActionMask = 2147483647;
			files = (
			);
			inputPaths = (
			);
			name = "Copy Pods Resources";
			outputPaths = (
			);
			runOnlyForDeploymentPostprocessing = 0;
			shellPath = /bin/sh;
			shellScript = "\"${SRCROOT}/Pods/Target Support Files/Pods-ActorClient/Pods-ActorClient-resources.sh\"\n";
			showEnvVarsInLog = 0;
		};
		6DAFB7212B826813ECA4122E /* Check Pods Manifest.lock */ = {
			isa = PBXShellScriptBuildPhase;
			buildActionMask = 2147483647;
			files = (
			);
			inputPaths = (
			);
			name = "Check Pods Manifest.lock";
			outputPaths = (
			);
			runOnlyForDeploymentPostprocessing = 0;
			shellPath = /bin/sh;
			shellScript = "diff \"${PODS_ROOT}/../Podfile.lock\" \"${PODS_ROOT}/Manifest.lock\" > /dev/null\nif [[ $? != 0 ]] ; then\n    cat << EOM\nerror: The sandbox is not in sync with the Podfile.lock. Run 'pod install' or update your CocoaPods installation.\nEOM\n    exit 1\nfi\n";
			showEnvVarsInLog = 0;
		};
/* End PBXShellScriptBuildPhase section */

/* Begin PBXSourcesBuildPhase section */
		2537F8291A966B9D004A02E9 /* Sources */ = {
			isa = PBXSourcesBuildPhase;
			buildActionMask = 2147483647;
			files = (
				2537F8361A966B9D004A02E9 /* AppDelegate.m in Sources */,
				2537F85F1A9730FF004A02E9 /* AAPhoneViewController.m in Sources */,
				2537F8331A966B9D004A02E9 /* main.m in Sources */,
				259D452F1A99440400BC2B4D /* AACountriesViewController.m in Sources */,
				2537F8641A974160004A02E9 /* AAHiddenNavigationBar.m in Sources */,
				2537F8671A9753DD004A02E9 /* ABPhoneField.m in Sources */,
			);
			runOnlyForDeploymentPostprocessing = 0;
		};
		2537F8451A966B9D004A02E9 /* Sources */ = {
			isa = PBXSourcesBuildPhase;
			buildActionMask = 2147483647;
			files = (
				2537F8501A966B9D004A02E9 /* ActorClientTests.m in Sources */,
			);
			runOnlyForDeploymentPostprocessing = 0;
		};
/* End PBXSourcesBuildPhase section */

/* Begin PBXTargetDependency section */
		2537F84B1A966B9D004A02E9 /* PBXTargetDependency */ = {
			isa = PBXTargetDependency;
			target = 2537F82C1A966B9D004A02E9 /* ActorClient */;
			targetProxy = 2537F84A1A966B9D004A02E9 /* PBXContainerItemProxy */;
		};
/* End PBXTargetDependency section */

/* Begin PBXVariantGroup section */
		2537F8421A966B9D004A02E9 /* LaunchScreen.xib */ = {
			isa = PBXVariantGroup;
			children = (
				2537F8431A966B9D004A02E9 /* Base */,
			);
			name = LaunchScreen.xib;
			sourceTree = "<group>";
		};
/* End PBXVariantGroup section */

/* Begin XCBuildConfiguration section */
		2537F8511A966B9D004A02E9 /* Debug */ = {
			isa = XCBuildConfiguration;
			buildSettings = {
				ALWAYS_SEARCH_USER_PATHS = NO;
				CLANG_CXX_LANGUAGE_STANDARD = "gnu++0x";
				CLANG_CXX_LIBRARY = "libc++";
				CLANG_ENABLE_MODULES = YES;
				CLANG_ENABLE_OBJC_ARC = YES;
				CLANG_WARN_BOOL_CONVERSION = YES;
				CLANG_WARN_CONSTANT_CONVERSION = YES;
				CLANG_WARN_DIRECT_OBJC_ISA_USAGE = YES_ERROR;
				CLANG_WARN_EMPTY_BODY = YES;
				CLANG_WARN_ENUM_CONVERSION = YES;
				CLANG_WARN_INT_CONVERSION = YES;
				CLANG_WARN_OBJC_ROOT_CLASS = YES_ERROR;
				CLANG_WARN_UNREACHABLE_CODE = YES;
				CLANG_WARN__DUPLICATE_METHOD_MATCH = YES;
				"CODE_SIGN_IDENTITY[sdk=iphoneos*]" = "iPhone Developer";
				COPY_PHASE_STRIP = NO;
				ENABLE_STRICT_OBJC_MSGSEND = YES;
				GCC_C_LANGUAGE_STANDARD = gnu99;
				GCC_DYNAMIC_NO_PIC = NO;
				GCC_OPTIMIZATION_LEVEL = 0;
				GCC_PREPROCESSOR_DEFINITIONS = (
					"DEBUG=1",
					"$(inherited)",
				);
				GCC_SYMBOLS_PRIVATE_EXTERN = NO;
				GCC_WARN_64_TO_32_BIT_CONVERSION = YES;
				GCC_WARN_ABOUT_RETURN_TYPE = YES_ERROR;
				GCC_WARN_UNDECLARED_SELECTOR = YES;
				GCC_WARN_UNINITIALIZED_AUTOS = YES_AGGRESSIVE;
				GCC_WARN_UNUSED_FUNCTION = YES;
				GCC_WARN_UNUSED_VARIABLE = YES;
				IPHONEOS_DEPLOYMENT_TARGET = 7.0;
				MTL_ENABLE_DEBUG_INFO = YES;
				ONLY_ACTIVE_ARCH = YES;
				SDKROOT = iphoneos;
				TARGETED_DEVICE_FAMILY = "1,2";
			};
			name = Debug;
		};
		2537F8521A966B9D004A02E9 /* Release */ = {
			isa = XCBuildConfiguration;
			buildSettings = {
				ALWAYS_SEARCH_USER_PATHS = NO;
				CLANG_CXX_LANGUAGE_STANDARD = "gnu++0x";
				CLANG_CXX_LIBRARY = "libc++";
				CLANG_ENABLE_MODULES = YES;
				CLANG_ENABLE_OBJC_ARC = YES;
				CLANG_WARN_BOOL_CONVERSION = YES;
				CLANG_WARN_CONSTANT_CONVERSION = YES;
				CLANG_WARN_DIRECT_OBJC_ISA_USAGE = YES_ERROR;
				CLANG_WARN_EMPTY_BODY = YES;
				CLANG_WARN_ENUM_CONVERSION = YES;
				CLANG_WARN_INT_CONVERSION = YES;
				CLANG_WARN_OBJC_ROOT_CLASS = YES_ERROR;
				CLANG_WARN_UNREACHABLE_CODE = YES;
				CLANG_WARN__DUPLICATE_METHOD_MATCH = YES;
				"CODE_SIGN_IDENTITY[sdk=iphoneos*]" = "iPhone Developer";
				COPY_PHASE_STRIP = YES;
				ENABLE_NS_ASSERTIONS = NO;
				ENABLE_STRICT_OBJC_MSGSEND = YES;
				GCC_C_LANGUAGE_STANDARD = gnu99;
				GCC_WARN_64_TO_32_BIT_CONVERSION = YES;
				GCC_WARN_ABOUT_RETURN_TYPE = YES_ERROR;
				GCC_WARN_UNDECLARED_SELECTOR = YES;
				GCC_WARN_UNINITIALIZED_AUTOS = YES_AGGRESSIVE;
				GCC_WARN_UNUSED_FUNCTION = YES;
				GCC_WARN_UNUSED_VARIABLE = YES;
				IPHONEOS_DEPLOYMENT_TARGET = 7.0;
				MTL_ENABLE_DEBUG_INFO = NO;
				SDKROOT = iphoneos;
				TARGETED_DEVICE_FAMILY = "1,2";
				VALIDATE_PRODUCT = YES;
			};
			name = Release;
		};
		2537F8541A966B9D004A02E9 /* Debug */ = {
			isa = XCBuildConfiguration;
			baseConfigurationReference = DB5A2C3EB0E63D94843300E3 /* Pods-ActorClient.debug.xcconfig */;
			buildSettings = {
				ASSETCATALOG_COMPILER_APPICON_NAME = AppIcon;
				ASSETCATALOG_COMPILER_LAUNCHIMAGE_NAME = LaunchImage;
				CODE_SIGN_IDENTITY = "iPhone Developer";
				GCC_PREFIX_HEADER = "ActorClient/ActorClient-Prefix.pch";
				INFOPLIST_FILE = ActorClient/Info.plist;
				IPHONEOS_DEPLOYMENT_TARGET = 7.0;
				LD_RUNPATH_SEARCH_PATHS = "$(inherited) @executable_path/Frameworks";
				PRODUCT_NAME = "$(TARGET_NAME)";
				TARGETED_DEVICE_FAMILY = 1;
			};
			name = Debug;
		};
		2537F8551A966B9D004A02E9 /* Release */ = {
			isa = XCBuildConfiguration;
			baseConfigurationReference = 53958141732573CD5EF08D97 /* Pods-ActorClient.release.xcconfig */;
			buildSettings = {
				ASSETCATALOG_COMPILER_APPICON_NAME = AppIcon;
				ASSETCATALOG_COMPILER_LAUNCHIMAGE_NAME = LaunchImage;
				CODE_SIGN_IDENTITY = "iPhone Developer";
				GCC_PREFIX_HEADER = "ActorClient/ActorClient-Prefix.pch";
				INFOPLIST_FILE = ActorClient/Info.plist;
				IPHONEOS_DEPLOYMENT_TARGET = 7.0;
				LD_RUNPATH_SEARCH_PATHS = "$(inherited) @executable_path/Frameworks";
				PRODUCT_NAME = "$(TARGET_NAME)";
				TARGETED_DEVICE_FAMILY = 1;
			};
			name = Release;
		};
		2537F8571A966B9D004A02E9 /* Debug */ = {
			isa = XCBuildConfiguration;
			buildSettings = {
				BUNDLE_LOADER = "$(TEST_HOST)";
				FRAMEWORK_SEARCH_PATHS = (
					"$(SDKROOT)/Developer/Library/Frameworks",
					"$(inherited)",
				);
				GCC_PREPROCESSOR_DEFINITIONS = (
					"DEBUG=1",
					"$(inherited)",
				);
				INFOPLIST_FILE = ActorClientTests/Info.plist;
				LD_RUNPATH_SEARCH_PATHS = "$(inherited) @executable_path/Frameworks @loader_path/Frameworks";
				PRODUCT_NAME = "$(TARGET_NAME)";
				TEST_HOST = "$(BUILT_PRODUCTS_DIR)/ActorClient.app/ActorClient";
			};
			name = Debug;
		};
		2537F8581A966B9D004A02E9 /* Release */ = {
			isa = XCBuildConfiguration;
			buildSettings = {
				BUNDLE_LOADER = "$(TEST_HOST)";
				FRAMEWORK_SEARCH_PATHS = (
					"$(SDKROOT)/Developer/Library/Frameworks",
					"$(inherited)",
				);
				INFOPLIST_FILE = ActorClientTests/Info.plist;
				LD_RUNPATH_SEARCH_PATHS = "$(inherited) @executable_path/Frameworks @loader_path/Frameworks";
				PRODUCT_NAME = "$(TARGET_NAME)";
				TEST_HOST = "$(BUILT_PRODUCTS_DIR)/ActorClient.app/ActorClient";
			};
			name = Release;
		};
/* End XCBuildConfiguration section */

/* Begin XCConfigurationList section */
		2537F8281A966B9D004A02E9 /* Build configuration list for PBXProject "ActorClient" */ = {
			isa = XCConfigurationList;
			buildConfigurations = (
				2537F8511A966B9D004A02E9 /* Debug */,
				2537F8521A966B9D004A02E9 /* Release */,
			);
			defaultConfigurationIsVisible = 0;
			defaultConfigurationName = Release;
		};
		2537F8531A966B9D004A02E9 /* Build configuration list for PBXNativeTarget "ActorClient" */ = {
			isa = XCConfigurationList;
			buildConfigurations = (
				2537F8541A966B9D004A02E9 /* Debug */,
				2537F8551A966B9D004A02E9 /* Release */,
			);
			defaultConfigurationIsVisible = 0;
			defaultConfigurationName = Release;
		};
		2537F8561A966B9D004A02E9 /* Build configuration list for PBXNativeTarget "ActorClientTests" */ = {
			isa = XCConfigurationList;
			buildConfigurations = (
				2537F8571A966B9D004A02E9 /* Debug */,
				2537F8581A966B9D004A02E9 /* Release */,
			);
			defaultConfigurationIsVisible = 0;
			defaultConfigurationName = Release;
		};
/* End XCConfigurationList section */
	};
	rootObject = 2537F8251A966B9D004A02E9 /* Project object */;
}
