PODS:
  - RMPhoneFormat (1.0)

DEPENDENCIES:
  - RMPhoneFormat (from `https://github.com/bomjkolyadun/RMPhoneFormat`)

EXTERNAL SOURCES:
  RMPhoneFormat:
    :git: https://github.com/bomjkolyadun/RMPhoneFormat

CHECKOUT OPTIONS:
  RMPhoneFormat:
    :commit: 806f4f94be3d19e57f3fdfd4200e6af43787b109
    :git: https://github.com/bomjkolyadun/RMPhoneFormat

SPEC CHECKSUMS:
  RMPhoneFormat: e60e142b738b39528bbe586699b3dc5c04b88b2a

COCOAPODS: 0.35.0
